
Microsoft Visual Studio Solution File, Format Version 12.00
# Visual Studio Version 17
VisualStudioVersion = 17.11.35208.52
MinimumVisualStudioVersion = 10.0.40219.1
Project("{FAE04EC0-301F-11D3-BF4B-00C04F79EFBC}") = "TesteConsole1", "TesteConsole1\TesteConsole1.csproj", "{19C90DF8-0DAD-49B8-A950-437ECD95211E}"
EndProject
Global
	GlobalSection(SolutionConfigurationPlatforms) = preSolution
		Debug|Any CPU = Debug|Any CPU
		Release|Any CPU = Release|Any CPU
	EndGlobalSection
	GlobalSection(ProjectConfigurationPlatforms) = postSolution
		{19C90DF8-0DAD-49B8-A950-437ECD95211E}.Debug|Any CPU.ActiveCfg = Debug|Any CPU
		{19C90DF8-0DAD-49B8-A950-437ECD95211E}.Debug|Any CPU.Build.0 = Debug|Any CPU
		{19C90DF8-0DAD-49B8-A950-437ECD95211E}.Release|Any CPU.ActiveCfg = Release|Any CPU
		{19C90DF8-0DAD-49B8-A950-437ECD95211E}.Release|Any CPU.Build.0 = Release|Any CPU
	EndGlobalSection
	GlobalSection(SolutionProperties) = preSolution
		HideSolutionNode = FALSE
	EndGlobalSection
	GlobalSection(ExtensibilityGlobals) = postSolution
		SolutionGuid = {165CA76B-C860-4565-9034-08180299B5E3}
	EndGlobalSection
EndGlobal
